
Microsoft Visual Studio Solution File, Format Version 12.00
# Visual Studio 15
VisualStudioVersion = 15.0.28307.572
MinimumVisualStudioVersion = 10.0.40219.1
Project("{FAE04EC0-301F-11D3-BF4B-00C04F79EFBC}") = "Introduction", "Introduction\Introduction.csproj", "{00D87012-873E-4054-8362-E49B39F80712}"
EndProject
Project("{FAE04EC0-301F-11D3-BF4B-00C04F79EFBC}") = "Features", "Features\Features.csproj", "{60EEC1A2-B084-40EE-A073-8795B35D0AF2}"
EndProject
Project("{FAE04EC0-301F-11D3-BF4B-00C04F79EFBC}") = "Queries", "Queries\Queries.csproj", "{1F59D4AD-AD00-4B47-B911-C6222455D2F2}"
EndProject
Global
	GlobalSection(SolutionConfigurationPlatforms) = preSolution
		Debug|Any CPU = Debug|Any CPU
		Release|Any CPU = Release|Any CPU
	EndGlobalSection
	GlobalSection(ProjectConfigurationPlatforms) = postSolution
		{00D87012-873E-4054-8362-E49B39F80712}.Debug|Any CPU.ActiveCfg = Debug|Any CPU
		{00D87012-873E-4054-8362-E49B39F80712}.Debug|Any CPU.Build.0 = Debug|Any CPU
		{00D87012-873E-4054-8362-E49B39F80712}.Release|Any CPU.ActiveCfg = Release|Any CPU
		{00D87012-873E-4054-8362-E49B39F80712}.Release|Any CPU.Build.0 = Release|Any CPU
		{60EEC1A2-B084-40EE-A073-8795B35D0AF2}.Debug|Any CPU.ActiveCfg = Debug|Any CPU
		{60EEC1A2-B084-40EE-A073-8795B35D0AF2}.Debug|Any CPU.Build.0 = Debug|Any CPU
		{60EEC1A2-B084-40EE-A073-8795B35D0AF2}.Release|Any CPU.ActiveCfg = Release|Any CPU
		{60EEC1A2-B084-40EE-A073-8795B35D0AF2}.Release|Any CPU.Build.0 = Release|Any CPU
		{1F59D4AD-AD00-4B47-B911-C6222455D2F2}.Debug|Any CPU.ActiveCfg = Debug|Any CPU
		{1F59D4AD-AD00-4B47-B911-C6222455D2F2}.Debug|Any CPU.Build.0 = Debug|Any CPU
		{1F59D4AD-AD00-4B47-B911-C6222455D2F2}.Release|Any CPU.ActiveCfg = Release|Any CPU
		{1F59D4AD-AD00-4B47-B911-C6222455D2F2}.Release|Any CPU.Build.0 = Release|Any CPU
	EndGlobalSection
	GlobalSection(SolutionProperties) = preSolution
		HideSolutionNode = FALSE
	EndGlobalSection
	GlobalSection(ExtensibilityGlobals) = postSolution
		SolutionGuid = {6E152D9D-4149-467C-B2DC-B0DABB684E83}
	EndGlobalSection
EndGlobal
